
Microsoft Visual Studio Solution File, Format Version 12.00
# Visual Studio Version 16
VisualStudioVersion = 16.0.29306.81
MinimumVisualStudioVersion = 10.0.40219.1
Project("{9A19103F-16F7-4668-BE54-9A1E7A4F7556}") = "DockerApi", "DockerApi.csproj", "{5CA09693-CCB2-48EC-89FA-CC9AEDD1FA32}"
EndProject
Global
	GlobalSection(SolutionConfigurationPlatforms) = preSolution
		Debug|Any CPU = Debug|Any CPU
		Release|Any CPU = Release|Any CPU
	EndGlobalSection
	GlobalSection(ProjectConfigurationPlatforms) = postSolution
		{5CA09693-CCB2-48EC-89FA-CC9AEDD1FA32}.Debug|Any CPU.ActiveCfg = Debug|Any CPU
		{5CA09693-CCB2-48EC-89FA-CC9AEDD1FA32}.Debug|Any CPU.Build.0 = Debug|Any CPU
		{5CA09693-CCB2-48EC-89FA-CC9AEDD1FA32}.Release|Any CPU.ActiveCfg = Release|Any CPU
		{5CA09693-CCB2-48EC-89FA-CC9AEDD1FA32}.Release|Any CPU.Build.0 = Release|Any CPU
	EndGlobalSection
	GlobalSection(SolutionProperties) = preSolution
		HideSolutionNode = FALSE
	EndGlobalSection
	GlobalSection(ExtensibilityGlobals) = postSolution
		SolutionGuid = {F7A9A5EA-0DE0-4BD3-B939-17F89FB5C676}
	EndGlobalSection
EndGlobal
